# This file is autogenerated, do not edit; changes may be undone by the next 'dep ensure'.


[[projects]]
  branch = "master"
  name = "github.com/AndreasBriese/bbloom"
  packages = ["."]
  revision = "28f7e881ca57bc00e028f9ede9f0d9104cfeef5e"

[[projects]]
  branch = "master"
  name = "github.com/btcsuite/btcd"
  packages = [
    "btcec",
    "chaincfg",
    "chaincfg/chainhash",
    "wire"
  ]
  revision = "675abc5df3c5531bc741b56a765e35623459da6d"

[[projects]]
  branch = "master"
  name = "github.com/btcsuite/btcutil"
  packages = [
    ".",
    "base58",
    "bech32",
    "hdkeychain"
  ]
  revision = "501929d3d046174c3d39f0ea54ece471aa17238c"

[[projects]]
  branch = "master"
  name = "github.com/rigelrozanski/common"
  packages = ["."]
  revision = "d63056318d40da5fd35a2a227b80fbea477db2f4"

[[projects]]
  branch = "master"
  name = "github.com/rigelrozanski/go-bip39"
  packages = ["."]
  revision = "13853adb3b82f32d5ae13cdb8477d7393d367598"

[[projects]]
  branch = "master"
  name = "github.com/rigelrozanski/go-dicedemon"
  packages = ["maker"]
  revision = "9f1f384f6e3bda3a31c6a9547a415d85eb721ad0"

[[projects]]
  name = "github.com/rigelrozanski/gowallet"
  packages = ["wallet"]
  revision = "2ff824fc76ad7b0277d80fbaabd8e201e7cf787e"
  version = "0.22"

[[projects]]
  branch = "master"
  name = "github.com/tyler-smith/go-bip39"
  packages = ["."]
  revision = "8e7a99b3e716f36d3b080a9a70f9eb45abe4edcc"

[[projects]]
  branch = "master"
  name = "golang.org/x/crypto"
  packages = [
    "pbkdf2",
    "ripemd160",
    "scrypt"
  ]
  revision = "1f94bef427e370e425e55b172f3b5e300ef38304"

[solve-meta]
  analyzer-name = "dep"
  analyzer-version = 1
  inputs-digest = "42452f758ebe7238378d6a114655c0bda75d1a062cb06611e320010725807a13"
  solver-name = "gps-cdcl"
  solver-version = 1
